
Microsoft Visual Studio Solution File, Format Version 12.00
# Visual Studio Version 16
VisualStudioVersion = 16.0.30204.135
MinimumVisualStudioVersion = 10.0.40219.1
Project("{FAE04EC0-301F-11D3-BF4B-00C04F79EFBC}") = "ProgettoCinema", "ProgettoCinema\ProgettoCinema.csproj", "{760D283A-7FE3-4A0B-B04D-F818F5111454}"
EndProject
Project("{FAE04EC0-301F-11D3-BF4B-00C04F79EFBC}") = "Models", "Models\Models.csproj", "{7D5EC453-5DFE-4E01-857D-64DC9858C97B}"
EndProject
Project("{FAE04EC0-301F-11D3-BF4B-00C04F79EFBC}") = "ProgettoCinemaWeb", "ProgettoCinemaWeb\ProgettoCinemaWeb.csproj", "{38981E44-801F-47A1-A905-73BCDC724448}"
EndProject
Project("{FAE04EC0-301F-11D3-BF4B-00C04F79EFBC}") = "DbContext", "DbContext\DbContext.csproj", "{D072D7A6-D6A9-4DB3-A869-C0061E822F4C}"
EndProject
Global
	GlobalSection(SolutionConfigurationPlatforms) = preSolution
		Debug|Any CPU = Debug|Any CPU
		Release|Any CPU = Release|Any CPU
	EndGlobalSection
	GlobalSection(ProjectConfigurationPlatforms) = postSolution
		{760D283A-7FE3-4A0B-B04D-F818F5111454}.Debug|Any CPU.ActiveCfg = Debug|Any CPU
		{760D283A-7FE3-4A0B-B04D-F818F5111454}.Debug|Any CPU.Build.0 = Debug|Any CPU
		{760D283A-7FE3-4A0B-B04D-F818F5111454}.Release|Any CPU.ActiveCfg = Release|Any CPU
		{760D283A-7FE3-4A0B-B04D-F818F5111454}.Release|Any CPU.Build.0 = Release|Any CPU
		{7D5EC453-5DFE-4E01-857D-64DC9858C97B}.Debug|Any CPU.ActiveCfg = Debug|Any CPU
		{7D5EC453-5DFE-4E01-857D-64DC9858C97B}.Debug|Any CPU.Build.0 = Debug|Any CPU
		{7D5EC453-5DFE-4E01-857D-64DC9858C97B}.Release|Any CPU.ActiveCfg = Release|Any CPU
		{7D5EC453-5DFE-4E01-857D-64DC9858C97B}.Release|Any CPU.Build.0 = Release|Any CPU
		{38981E44-801F-47A1-A905-73BCDC724448}.Debug|Any CPU.ActiveCfg = Debug|Any CPU
		{38981E44-801F-47A1-A905-73BCDC724448}.Debug|Any CPU.Build.0 = Debug|Any CPU
		{38981E44-801F-47A1-A905-73BCDC724448}.Release|Any CPU.ActiveCfg = Release|Any CPU
		{38981E44-801F-47A1-A905-73BCDC724448}.Release|Any CPU.Build.0 = Release|Any CPU
		{D072D7A6-D6A9-4DB3-A869-C0061E822F4C}.Debug|Any CPU.ActiveCfg = Debug|Any CPU
		{D072D7A6-D6A9-4DB3-A869-C0061E822F4C}.Debug|Any CPU.Build.0 = Debug|Any CPU
		{D072D7A6-D6A9-4DB3-A869-C0061E822F4C}.Release|Any CPU.ActiveCfg = Release|Any CPU
		{D072D7A6-D6A9-4DB3-A869-C0061E822F4C}.Release|Any CPU.Build.0 = Release|Any CPU
	EndGlobalSection
	GlobalSection(SolutionProperties) = preSolution
		HideSolutionNode = FALSE
	EndGlobalSection
	GlobalSection(ExtensibilityGlobals) = postSolution
		SolutionGuid = {AE12488B-1D94-4078-A1F1-B78494D1BD02}
	EndGlobalSection
EndGlobal
